<?xml version="1.0" encoding="utf-8"?>
<Project ToolsVersion="4.0" xmlns="http://schemas.microsoft.com/developer/msbuild/2003">
  <ItemGroup>
    <Filter Include="Source Files">
      <UniqueIdentifier>{4FC737F1-C7A5-4376-A066-2A32D752A2FF}</UniqueIdentifier>
      <Extensions>cpp;c;cc;cxx;def;odl;idl;hpj;bat;asm;asmx</Extensions>
    </Filter>
    <Filter Include="Header Files">
      <UniqueIdentifier>{93995380-89BD-4b04-88EB-625FBE52EBFB}</UniqueIdentifier>
      <Extensions>h;hpp;hxx;hm;inl;inc;xsd</Extensions>
    </Filter>
    <Filter Include="Resource Files">
      <UniqueIdentifier>{67DA6AB6-F800-4c08-8B7A-83BB121AAD01}</UniqueIdentifier>
      <Extensions>rc;ico;cur;bmp;dlg;rc2;rct;bin;rgs;gif;jpg;jpeg;jpe;resx;tiff;tif;png;wav</Extensions>
    </Filter>
  </ItemGroup>
  <ItemGroup>
    <ClCompile Include="irrlicht-base.cpp">
      <Filter>Source Files</Filter>
    </ClCompile>
    <ClCompile Include="main.cpp">
      <Filter>Source Files</Filter>
    </ClCompile>
    <ClCompile Include="irrfont.cpp">
      <Filter>Source Files</Filter>
    </ClCompile>
    <ClCompile Include="irrsc.cpp">
      <Filter>Source Files</Filter>
    </ClCompile>
    <ClCompile Include="irrde.cpp">
      <Filter>Source Files</Filter>
    </ClCompile>
    <ClCompile Include="irrmesh.cpp">
      <Filter>Source Files</Filter>
    </ClCompile>
    <ClCompile Include="irrcam.cpp">
      <Filter>Source Files</Filter>
    </ClCompile>
    <ClCompile Include="irrimg.cpp">
      <Filter>Source Files</Filter>
    </ClCompile>
    <ClCompile Include="irrnode.cpp">
      <Filter>Source Files</Filter>
    </ClCompile>
    <ClCompile Include="irrvid.cpp">
      <Filter>Source Files</Filter>
    </ClCompile>
    <ClCompile Include="irrlight.cpp">
      <Filter>Source Files</Filter>
    </ClCompile>
    <ClCompile Include="irrboard.cpp">
      <Filter>Source Files</Filter>
    </ClCompile>
    <ClCompile Include="irraabbox.cpp">
      <Filter>Source Files</Filter>
    </ClCompile>
    <ClCompile Include="internals.cpp">
      <Filter>Source Files</Filter>
    </ClCompile>
    <ClCompile Include="irrmat.cpp">
      <Filter>Source Files</Filter>
    </ClCompile>
    <ClCompile Include="irrvector3df.cpp">
      <Filter>Source Files</Filter>
    </ClCompile>
    <ClCompile Include="irrmeshbuffer.cpp">
      <Filter>Source Files</Filter>
    </ClCompile>
  </ItemGroup>
  <ItemGroup>
    <ClInclude Include="main.h">
      <Filter>Header Files</Filter>
    </ClInclude>
    <ClInclude Include="resource.h">
      <Filter>Header Files</Filter>
    </ClInclude>
  </ItemGroup>
  <ItemGroup>
    <ResourceCompile Include="resource.rc">
      <Filter>Resource Files</Filter>
    </ResourceCompile>
  </ItemGroup>
  <ItemGroup>
    <None Include="IrrLichtDBP.ini" />
    <None Include="Notes.txt" />
  </ItemGroup>
</Project>